
Microsoft Visual Studio Solution File, Format Version 12.00
# Visual Studio Version 17
VisualStudioVersion = 17.5.002.0
MinimumVisualStudioVersion = 10.0.40219.1
Project("{9A19103F-16F7-4668-BE54-9A1E7A4F7556}") = "Ikkoku", "Ikkoku\Ikkoku.csproj", "{FC318374-7817-46E0-8E58-F898E822AD1C}"
EndProject
Project("{9A19103F-16F7-4668-BE54-9A1E7A4F7556}") = "SubtitleParse", "SubtitleParse\SubtitleParse.csproj", "{54935CCE-60EE-47E4-8D4F-353281D07D5E}"
EndProject
Project("{9A19103F-16F7-4668-BE54-9A1E7A4F7556}") = "ZhConvert", "ZhConvert\ZhConvert.csproj", "{0132C9CD-614F-44F2-B452-65D77CA62659}"
EndProject
Project("{FAE04EC0-301F-11D3-BF4B-00C04F79EFBC}") = "Test", "Test\Test.csproj", "{19D63DF2-AEBC-48C5-870C-16DE8D24082D}"
EndProject
Global
	GlobalSection(SolutionConfigurationPlatforms) = preSolution
		Debug|Any CPU = Debug|Any CPU
		Release|Any CPU = Release|Any CPU
	EndGlobalSection
	GlobalSection(ProjectConfigurationPlatforms) = postSolution
		{FC318374-7817-46E0-8E58-F898E822AD1C}.Debug|Any CPU.ActiveCfg = Debug|Any CPU
		{FC318374-7817-46E0-8E58-F898E822AD1C}.Debug|Any CPU.Build.0 = Debug|Any CPU
		{FC318374-7817-46E0-8E58-F898E822AD1C}.Release|Any CPU.ActiveCfg = Release|Any CPU
		{FC318374-7817-46E0-8E58-F898E822AD1C}.Release|Any CPU.Build.0 = Release|Any CPU
		{54935CCE-60EE-47E4-8D4F-353281D07D5E}.Debug|Any CPU.ActiveCfg = Debug|Any CPU
		{54935CCE-60EE-47E4-8D4F-353281D07D5E}.Debug|Any CPU.Build.0 = Debug|Any CPU
		{54935CCE-60EE-47E4-8D4F-353281D07D5E}.Release|Any CPU.ActiveCfg = Release|Any CPU
		{54935CCE-60EE-47E4-8D4F-353281D07D5E}.Release|Any CPU.Build.0 = Release|Any CPU
		{0132C9CD-614F-44F2-B452-65D77CA62659}.Debug|Any CPU.ActiveCfg = Debug|Any CPU
		{0132C9CD-614F-44F2-B452-65D77CA62659}.Debug|Any CPU.Build.0 = Debug|Any CPU
		{0132C9CD-614F-44F2-B452-65D77CA62659}.Release|Any CPU.ActiveCfg = Release|Any CPU
		{0132C9CD-614F-44F2-B452-65D77CA62659}.Release|Any CPU.Build.0 = Release|Any CPU
		{19D63DF2-AEBC-48C5-870C-16DE8D24082D}.Debug|Any CPU.ActiveCfg = Debug|Any CPU
		{19D63DF2-AEBC-48C5-870C-16DE8D24082D}.Debug|Any CPU.Build.0 = Debug|Any CPU
		{19D63DF2-AEBC-48C5-870C-16DE8D24082D}.Release|Any CPU.ActiveCfg = Release|Any CPU
		{19D63DF2-AEBC-48C5-870C-16DE8D24082D}.Release|Any CPU.Build.0 = Release|Any CPU
	EndGlobalSection
	GlobalSection(SolutionProperties) = preSolution
		HideSolutionNode = FALSE
	EndGlobalSection
	GlobalSection(ExtensibilityGlobals) = postSolution
		SolutionGuid = {23C38F7A-FFD9-40F2-80C5-CBB9DC09480C}
	EndGlobalSection
EndGlobal
