
Microsoft Visual Studio Solution File, Format Version 12.00
# Visual Studio Version 17
VisualStudioVersion = 17.5.002.0
MinimumVisualStudioVersion = 10.0.40219.1
Project("{9A19103F-16F7-4668-BE54-9A1E7A4F7556}") = "Ikkoku", "Ikkoku\Ikkoku.csproj", "{E8EC81A7-9476-44F1-AFA7-3651CE336DD4}"
EndProject
Project("{9A19103F-16F7-4668-BE54-9A1E7A4F7556}") = "SubtitleParse", "SubtitleParse\SubtitleParse.csproj", "{20CCFD16-3ECC-4C91-AD14-7D2469CF1FED}"
EndProject
Global
	GlobalSection(SolutionConfigurationPlatforms) = preSolution
		Debug|Any CPU = Debug|Any CPU
		Release|Any CPU = Release|Any CPU
	EndGlobalSection
	GlobalSection(ProjectConfigurationPlatforms) = postSolution
		{E8EC81A7-9476-44F1-AFA7-3651CE336DD4}.Debug|Any CPU.ActiveCfg = Debug|Any CPU
		{E8EC81A7-9476-44F1-AFA7-3651CE336DD4}.Debug|Any CPU.Build.0 = Debug|Any CPU
		{E8EC81A7-9476-44F1-AFA7-3651CE336DD4}.Release|Any CPU.ActiveCfg = Release|Any CPU
		{E8EC81A7-9476-44F1-AFA7-3651CE336DD4}.Release|Any CPU.Build.0 = Release|Any CPU
		{20CCFD16-3ECC-4C91-AD14-7D2469CF1FED}.Debug|Any CPU.ActiveCfg = Debug|Any CPU
		{20CCFD16-3ECC-4C91-AD14-7D2469CF1FED}.Debug|Any CPU.Build.0 = Debug|Any CPU
		{20CCFD16-3ECC-4C91-AD14-7D2469CF1FED}.Release|Any CPU.ActiveCfg = Release|Any CPU
		{20CCFD16-3ECC-4C91-AD14-7D2469CF1FED}.Release|Any CPU.Build.0 = Release|Any CPU
	EndGlobalSection
	GlobalSection(SolutionProperties) = preSolution
		HideSolutionNode = FALSE
	EndGlobalSection
	GlobalSection(ExtensibilityGlobals) = postSolution
		SolutionGuid = {575F2268-3C0E-492F-8CE3-5060E6EF54F8}
	EndGlobalSection
EndGlobal
